// !$*UTF8*$!
{
	archiveVersion = 1;
	classes = {
	};
	objectVersion = 55;
	objects = {

/* Begin PBXBuildFile section */
		11598499F5FDA10659ED9B66 /* Pods_SaveMoneyTests.framework in Frameworks */ = {isa = PBXBuildFile; fileRef = 350F3F2E11BC18B0BA512F3E /* Pods_SaveMoneyTests.framework */; };
		2C192A3F28A5046C00199B64 /* HomeViewModel.swift in Sources */ = {isa = PBXBuildFile; fileRef = 2C192A3E28A5046C00199B64 /* HomeViewModel.swift */; };
		2C192A4128A559CA00199B64 /* EmptyCell.swift in Sources */ = {isa = PBXBuildFile; fileRef = 2C192A4028A559CA00199B64 /* EmptyCell.swift */; };
		2C29AEAD28D1BDC6006AB951 /* DetailViewModel.swift in Sources */ = {isa = PBXBuildFile; fileRef = 2C29AEAC28D1BDC6006AB951 /* DetailViewModel.swift */; };
		2C29AEAF28D1C8D8006AB951 /* UpdateViewController.swift in Sources */ = {isa = PBXBuildFile; fileRef = 2C29AEAE28D1C8D8006AB951 /* UpdateViewController.swift */; };
		2C29AEB128D1CB2E006AB951 /* DetailViewController.swift in Sources */ = {isa = PBXBuildFile; fileRef = 2C29AEB028D1CB2E006AB951 /* DetailViewController.swift */; };
		2C2A6D4C28917DDC000F7150 /* SaveManager.swift in Sources */ = {isa = PBXBuildFile; fileRef = 2C2A6D4B28917DDC000F7150 /* SaveManager.swift */; };
		2C2A6D4F28917E48000F7150 /* Save.swift in Sources */ = {isa = PBXBuildFile; fileRef = 2C2A6D4E28917E48000F7150 /* Save.swift */; };
		2C58F31B289ACFC70046676C /* AlertView.swift in Sources */ = {isa = PBXBuildFile; fileRef = 2C58F31A289ACFC70046676C /* AlertView.swift */; };
		2C58F31D289AD0980046676C /* AlertViewController.swift in Sources */ = {isa = PBXBuildFile; fileRef = 2C58F31C289AD0980046676C /* AlertViewController.swift */; };
		2C58F31F289AD1D40046676C /* Alert.swift in Sources */ = {isa = PBXBuildFile; fileRef = 2C58F31E289AD1D40046676C /* Alert.swift */; };
		2C58F321289AD4710046676C /* UIViewController++Extenstions.swift in Sources */ = {isa = PBXBuildFile; fileRef = 2C58F320289AD4700046676C /* UIViewController++Extenstions.swift */; };
		2C5920422897F41C00D54523 /* HomeSubHeaderView.swift in Sources */ = {isa = PBXBuildFile; fileRef = 2C5920412897F41C00D54523 /* HomeSubHeaderView.swift */; };
		2C63870028A6418300BF8B01 /* WarningView.swift in Sources */ = {isa = PBXBuildFile; fileRef = 2C6386FF28A6418300BF8B01 /* WarningView.swift */; };
		2C63870228A65ECC00BF8B01 /* SettingCell.swift in Sources */ = {isa = PBXBuildFile; fileRef = 2C63870128A65ECC00BF8B01 /* SettingCell.swift */; };
		2C63870428A6613A00BF8B01 /* SettingViewModel.swift in Sources */ = {isa = PBXBuildFile; fileRef = 2C63870328A6613A00BF8B01 /* SettingViewModel.swift */; };
		2C63870628A6712000BF8B01 /* Warning.swift in Sources */ = {isa = PBXBuildFile; fileRef = 2C63870528A6712000BF8B01 /* Warning.swift */; };
		2C6CD3C928A1078A001ADB26 /* LaunchScreen.storyboard in Resources */ = {isa = PBXBuildFile; fileRef = 2C6CD3C828A1078A001ADB26 /* LaunchScreen.storyboard */; };
		2C78921228A3FA000069326E /* InputView.swift in Sources */ = {isa = PBXBuildFile; fileRef = 2C78921128A3FA000069326E /* InputView.swift */; };
		2C89546F28AD339100AF5EB7 /* HomeCell.swift in Sources */ = {isa = PBXBuildFile; fileRef = 2C89546E28AD339100AF5EB7 /* HomeCell.swift */; };
		2C89547128AD3A8300AF5EB7 /* Home.swift in Sources */ = {isa = PBXBuildFile; fileRef = 2C89547028AD3A8300AF5EB7 /* Home.swift */; };
		2C89547328AD480300AF5EB7 /* MaxSaveCell.swift in Sources */ = {isa = PBXBuildFile; fileRef = 2C89547228AD480300AF5EB7 /* MaxSaveCell.swift */; };
		2C89547528AE99BB00AF5EB7 /* LicenseViewController.swift in Sources */ = {isa = PBXBuildFile; fileRef = 2C89547428AE99BB00AF5EB7 /* LicenseViewController.swift */; };
		2C89547928B142C300AF5EB7 /* LicenseCell.swift in Sources */ = {isa = PBXBuildFile; fileRef = 2C89547828B142C300AF5EB7 /* LicenseCell.swift */; };
		2C89547B28B142DD00AF5EB7 /* LicenseViewModel.swift in Sources */ = {isa = PBXBuildFile; fileRef = 2C89547A28B142DD00AF5EB7 /* LicenseViewModel.swift */; };
		2C89547D28B1432C00AF5EB7 /* License.swift in Sources */ = {isa = PBXBuildFile; fileRef = 2C89547C28B1432C00AF5EB7 /* License.swift */; };
		2C89547F28B1442600AF5EB7 /* LicenseInfoViewController.swift in Sources */ = {isa = PBXBuildFile; fileRef = 2C89547E28B1442600AF5EB7 /* LicenseInfoViewController.swift */; };
		2CA1278E28A6AA3B0058A4F5 /* UIButton++Extensions.swift in Sources */ = {isa = PBXBuildFile; fileRef = 2CA1278D28A6AA3B0058A4F5 /* UIButton++Extensions.swift */; };
		2CA1279028A7E92A0058A4F5 /* CustomBarChartView.swift in Sources */ = {isa = PBXBuildFile; fileRef = 2CA1278F28A7E92A0058A4F5 /* CustomBarChartView.swift */; };
		2CBCF061289180310016A962 /* DayInfo.swift in Sources */ = {isa = PBXBuildFile; fileRef = 2CBCF060289180310016A962 /* DayInfo.swift */; };
		2CBCF063289183CE0016A962 /* Date.swift in Sources */ = {isa = PBXBuildFile; fileRef = 2CBCF062289183CE0016A962 /* Date.swift */; };
		2CBCF067289187F70016A962 /* InputViewModel.swift in Sources */ = {isa = PBXBuildFile; fileRef = 2CBCF066289187F70016A962 /* InputViewModel.swift */; };
		2CBCF069289278AB0016A962 /* CategoryImage.swift in Sources */ = {isa = PBXBuildFile; fileRef = 2CBCF068289278AB0016A962 /* CategoryImage.swift */; };
		2CBCF06B2893A5D70016A962 /* Function.swift in Sources */ = {isa = PBXBuildFile; fileRef = 2CBCF06A2893A5D70016A962 /* Function.swift */; };
		2CBCF06D28956EBA0016A962 /* UIView++Extenstions.swift in Sources */ = {isa = PBXBuildFile; fileRef = 2CBCF06C28956EBA0016A962 /* UIView++Extenstions.swift */; };
		2CBCF07228956F680016A962 /* HomeHeaderView.swift in Sources */ = {isa = PBXBuildFile; fileRef = 2CBCF07128956F680016A962 /* HomeHeaderView.swift */; };
		2CD7F8A6285F390300E5C446 /* AppDelegate.swift in Sources */ = {isa = PBXBuildFile; fileRef = 2CD7F8A5285F390300E5C446 /* AppDelegate.swift */; };
		2CD7F8A8285F390300E5C446 /* SceneDelegate.swift in Sources */ = {isa = PBXBuildFile; fileRef = 2CD7F8A7285F390300E5C446 /* SceneDelegate.swift */; };
		2CD7F8AA285F390300E5C446 /* HomeViewController.swift in Sources */ = {isa = PBXBuildFile; fileRef = 2CD7F8A9285F390300E5C446 /* HomeViewController.swift */; };
		2CD7F8B0285F390300E5C446 /* SaveMoney.xcdatamodeld in Sources */ = {isa = PBXBuildFile; fileRef = 2CD7F8AE285F390300E5C446 /* SaveMoney.xcdatamodeld */; };
		2CD7F8B2285F390500E5C446 /* Assets.xcassets in Resources */ = {isa = PBXBuildFile; fileRef = 2CD7F8B1285F390500E5C446 /* Assets.xcassets */; };
		2CD7F8D9285F395100E5C446 /* AppTabbarController.swift in Sources */ = {isa = PBXBuildFile; fileRef = 2CD7F8D8285F395100E5C446 /* AppTabbarController.swift */; };
		2CD7F8DC285F3D5100E5C446 /* CalendarViewController.swift in Sources */ = {isa = PBXBuildFile; fileRef = 2CD7F8DB285F3D5100E5C446 /* CalendarViewController.swift */; };
		2CD7F8DE285F3DFD00E5C446 /* SettingViewController.swift in Sources */ = {isa = PBXBuildFile; fileRef = 2CD7F8DD285F3DFD00E5C446 /* SettingViewController.swift */; };
		2CD7F8E1285F574800E5C446 /* MainCell.swift in Sources */ = {isa = PBXBuildFile; fileRef = 2CD7F8E0285F574800E5C446 /* MainCell.swift */; };
		2CD7F8E728607A8400E5C446 /* CalendarViewModel.swift in Sources */ = {isa = PBXBuildFile; fileRef = 2CD7F8E628607A8400E5C446 /* CalendarViewModel.swift */; };
		2CD7F8EB2861F48300E5C446 /* InputViewController.swift in Sources */ = {isa = PBXBuildFile; fileRef = 2CD7F8EA2861F48300E5C446 /* InputViewController.swift */; };
		2CD7F8F52868685C00E5C446 /* SaveCell.swift in Sources */ = {isa = PBXBuildFile; fileRef = 2CD7F8F42868685C00E5C446 /* SaveCell.swift */; };
		2CE563C328C4D25E00C2D80E /* CustomPickerView.swift in Sources */ = {isa = PBXBuildFile; fileRef = 2CE563C228C4D25E00C2D80E /* CustomPickerView.swift */; };
		2CF9EA4C28CCCE5C00F0FA63 /* DetailView.swift in Sources */ = {isa = PBXBuildFile; fileRef = 2CF9EA4B28CCCE5B00F0FA63 /* DetailView.swift */; };
		2CF9EA4E28CCDF9F00F0FA63 /* DetailLabelView.swift in Sources */ = {isa = PBXBuildFile; fileRef = 2CF9EA4D28CCDF9F00F0FA63 /* DetailLabelView.swift */; };
		A96DF00AE88B3A40D7608808 /* Pods_SaveMoney.framework in Frameworks */ = {isa = PBXBuildFile; fileRef = BF6C2E5AE8B3A5229826B305 /* Pods_SaveMoney.framework */; };
		F390271C837C201A4EB2B0C8 /* Pods_SaveMoney_SaveMoneyUITests.framework in Frameworks */ = {isa = PBXBuildFile; fileRef = 1D9CD49891492A60C269A65C /* Pods_SaveMoney_SaveMoneyUITests.framework */; };
/* End PBXBuildFile section */

/* Begin PBXContainerItemProxy section */
		2CD7F8BC285F390500E5C446 /* PBXContainerItemProxy */ = {
			isa = PBXContainerItemProxy;
			containerPortal = 2CD7F89A285F390300E5C446 /* Project object */;
			proxyType = 1;
			remoteGlobalIDString = 2CD7F8A1285F390300E5C446;
			remoteInfo = SaveMoney;
		};
		2CD7F8C6285F390500E5C446 /* PBXContainerItemProxy */ = {
			isa = PBXContainerItemProxy;
			containerPortal = 2CD7F89A285F390300E5C446 /* Project object */;
			proxyType = 1;
			remoteGlobalIDString = 2CD7F8A1285F390300E5C446;
			remoteInfo = SaveMoney;
		};
/* End PBXContainerItemProxy section */

/* Begin PBXFileReference section */
		0A80DB58A694628F707800BE /* Pods-SaveMoney.debug.xcconfig */ = {isa = PBXFileReference; includeInIndex = 1; lastKnownFileType = text.xcconfig; name = "Pods-SaveMoney.debug.xcconfig"; path = "Target Support Files/Pods-SaveMoney/Pods-SaveMoney.debug.xcconfig"; sourceTree = "<group>"; };
		1D9CD49891492A60C269A65C /* Pods_SaveMoney_SaveMoneyUITests.framework */ = {isa = PBXFileReference; explicitFileType = wrapper.framework; includeInIndex = 0; path = Pods_SaveMoney_SaveMoneyUITests.framework; sourceTree = BUILT_PRODUCTS_DIR; };
		285BEE2B28E861E5C29F13CB /* Pods-SaveMoney-SaveMoneyUITests.debug.xcconfig */ = {isa = PBXFileReference; includeInIndex = 1; lastKnownFileType = text.xcconfig; name = "Pods-SaveMoney-SaveMoneyUITests.debug.xcconfig"; path = "Target Support Files/Pods-SaveMoney-SaveMoneyUITests/Pods-SaveMoney-SaveMoneyUITests.debug.xcconfig"; sourceTree = "<group>"; };
		2C192A3E28A5046C00199B64 /* HomeViewModel.swift */ = {isa = PBXFileReference; lastKnownFileType = sourcecode.swift; path = HomeViewModel.swift; sourceTree = "<group>"; };
		2C192A4028A559CA00199B64 /* EmptyCell.swift */ = {isa = PBXFileReference; lastKnownFileType = sourcecode.swift; path = EmptyCell.swift; sourceTree = "<group>"; };
		2C29AEAC28D1BDC6006AB951 /* DetailViewModel.swift */ = {isa = PBXFileReference; lastKnownFileType = sourcecode.swift; path = DetailViewModel.swift; sourceTree = "<group>"; };
		2C29AEAE28D1C8D8006AB951 /* UpdateViewController.swift */ = {isa = PBXFileReference; lastKnownFileType = sourcecode.swift; path = UpdateViewController.swift; sourceTree = "<group>"; };
		2C29AEB028D1CB2E006AB951 /* DetailViewController.swift */ = {isa = PBXFileReference; fileEncoding = 4; lastKnownFileType = sourcecode.swift; name = DetailViewController.swift; path = ../../../../../.Trash/DetailViewController.swift; sourceTree = "<group>"; };
		2C2A6D4B28917DDC000F7150 /* SaveManager.swift */ = {isa = PBXFileReference; lastKnownFileType = sourcecode.swift; path = SaveManager.swift; sourceTree = "<group>"; };
		2C2A6D4E28917E48000F7150 /* Save.swift */ = {isa = PBXFileReference; lastKnownFileType = sourcecode.swift; path = Save.swift; sourceTree = "<group>"; };
		2C58F31A289ACFC70046676C /* AlertView.swift */ = {isa = PBXFileReference; lastKnownFileType = sourcecode.swift; path = AlertView.swift; sourceTree = "<group>"; };
		2C58F31C289AD0980046676C /* AlertViewController.swift */ = {isa = PBXFileReference; lastKnownFileType = sourcecode.swift; path = AlertViewController.swift; sourceTree = "<group>"; };
		2C58F31E289AD1D40046676C /* Alert.swift */ = {isa = PBXFileReference; lastKnownFileType = sourcecode.swift; path = Alert.swift; sourceTree = "<group>"; };
		2C58F320289AD4700046676C /* UIViewController++Extenstions.swift */ = {isa = PBXFileReference; lastKnownFileType = sourcecode.swift; path = "UIViewController++Extenstions.swift"; sourceTree = "<group>"; };
		2C5920412897F41C00D54523 /* HomeSubHeaderView.swift */ = {isa = PBXFileReference; lastKnownFileType = sourcecode.swift; path = HomeSubHeaderView.swift; sourceTree = "<group>"; };
		2C6386FF28A6418300BF8B01 /* WarningView.swift */ = {isa = PBXFileReference; lastKnownFileType = sourcecode.swift; path = WarningView.swift; sourceTree = "<group>"; };
		2C63870128A65ECC00BF8B01 /* SettingCell.swift */ = {isa = PBXFileReference; lastKnownFileType = sourcecode.swift; path = SettingCell.swift; sourceTree = "<group>"; };
		2C63870328A6613A00BF8B01 /* SettingViewModel.swift */ = {isa = PBXFileReference; lastKnownFileType = sourcecode.swift; path = SettingViewModel.swift; sourceTree = "<group>"; };
		2C63870528A6712000BF8B01 /* Warning.swift */ = {isa = PBXFileReference; lastKnownFileType = sourcecode.swift; path = Warning.swift; sourceTree = "<group>"; };
		2C6CD3C828A1078A001ADB26 /* LaunchScreen.storyboard */ = {isa = PBXFileReference; lastKnownFileType = file.storyboard; path = LaunchScreen.storyboard; sourceTree = "<group>"; };
		2C78921128A3FA000069326E /* InputView.swift */ = {isa = PBXFileReference; lastKnownFileType = sourcecode.swift; path = InputView.swift; sourceTree = "<group>"; };
		2C89546E28AD339100AF5EB7 /* HomeCell.swift */ = {isa = PBXFileReference; lastKnownFileType = sourcecode.swift; path = HomeCell.swift; sourceTree = "<group>"; };
		2C89547028AD3A8300AF5EB7 /* Home.swift */ = {isa = PBXFileReference; lastKnownFileType = sourcecode.swift; path = Home.swift; sourceTree = "<group>"; };
		2C89547228AD480300AF5EB7 /* MaxSaveCell.swift */ = {isa = PBXFileReference; lastKnownFileType = sourcecode.swift; path = MaxSaveCell.swift; sourceTree = "<group>"; };
		2C89547428AE99BB00AF5EB7 /* LicenseViewController.swift */ = {isa = PBXFileReference; lastKnownFileType = sourcecode.swift; path = LicenseViewController.swift; sourceTree = "<group>"; };
		2C89547828B142C300AF5EB7 /* LicenseCell.swift */ = {isa = PBXFileReference; lastKnownFileType = sourcecode.swift; path = LicenseCell.swift; sourceTree = "<group>"; };
		2C89547A28B142DD00AF5EB7 /* LicenseViewModel.swift */ = {isa = PBXFileReference; lastKnownFileType = sourcecode.swift; path = LicenseViewModel.swift; sourceTree = "<group>"; };
		2C89547C28B1432C00AF5EB7 /* License.swift */ = {isa = PBXFileReference; lastKnownFileType = sourcecode.swift; path = License.swift; sourceTree = "<group>"; };
		2C89547E28B1442600AF5EB7 /* LicenseInfoViewController.swift */ = {isa = PBXFileReference; lastKnownFileType = sourcecode.swift; path = LicenseInfoViewController.swift; sourceTree = "<group>"; };
		2CA1278D28A6AA3B0058A4F5 /* UIButton++Extensions.swift */ = {isa = PBXFileReference; lastKnownFileType = sourcecode.swift; path = "UIButton++Extensions.swift"; sourceTree = "<group>"; };
		2CA1278F28A7E92A0058A4F5 /* CustomBarChartView.swift */ = {isa = PBXFileReference; lastKnownFileType = sourcecode.swift; path = CustomBarChartView.swift; sourceTree = "<group>"; };
		2CBCF060289180310016A962 /* DayInfo.swift */ = {isa = PBXFileReference; lastKnownFileType = sourcecode.swift; path = DayInfo.swift; sourceTree = "<group>"; };
		2CBCF062289183CE0016A962 /* Date.swift */ = {isa = PBXFileReference; lastKnownFileType = sourcecode.swift; path = Date.swift; sourceTree = "<group>"; };
		2CBCF066289187F70016A962 /* InputViewModel.swift */ = {isa = PBXFileReference; lastKnownFileType = sourcecode.swift; path = InputViewModel.swift; sourceTree = "<group>"; };
		2CBCF068289278AB0016A962 /* CategoryImage.swift */ = {isa = PBXFileReference; lastKnownFileType = sourcecode.swift; path = CategoryImage.swift; sourceTree = "<group>"; };
		2CBCF06A2893A5D70016A962 /* Function.swift */ = {isa = PBXFileReference; lastKnownFileType = sourcecode.swift; path = Function.swift; sourceTree = "<group>"; };
		2CBCF06C28956EBA0016A962 /* UIView++Extenstions.swift */ = {isa = PBXFileReference; lastKnownFileType = sourcecode.swift; path = "UIView++Extenstions.swift"; sourceTree = "<group>"; };
		2CBCF07128956F680016A962 /* HomeHeaderView.swift */ = {isa = PBXFileReference; lastKnownFileType = sourcecode.swift; path = HomeHeaderView.swift; sourceTree = "<group>"; };
		2CD7F8A2285F390300E5C446 /* SaveMoney.app */ = {isa = PBXFileReference; explicitFileType = wrapper.application; includeInIndex = 0; path = SaveMoney.app; sourceTree = BUILT_PRODUCTS_DIR; };
		2CD7F8A5285F390300E5C446 /* AppDelegate.swift */ = {isa = PBXFileReference; lastKnownFileType = sourcecode.swift; path = AppDelegate.swift; sourceTree = "<group>"; };
		2CD7F8A7285F390300E5C446 /* SceneDelegate.swift */ = {isa = PBXFileReference; lastKnownFileType = sourcecode.swift; path = SceneDelegate.swift; sourceTree = "<group>"; };
		2CD7F8A9285F390300E5C446 /* HomeViewController.swift */ = {isa = PBXFileReference; lastKnownFileType = sourcecode.swift; path = HomeViewController.swift; sourceTree = "<group>"; };
		2CD7F8AF285F390300E5C446 /* SaveMoney.xcdatamodel */ = {isa = PBXFileReference; lastKnownFileType = wrapper.xcdatamodel; path = SaveMoney.xcdatamodel; sourceTree = "<group>"; };
		2CD7F8B1285F390500E5C446 /* Assets.xcassets */ = {isa = PBXFileReference; lastKnownFileType = folder.assetcatalog; path = Assets.xcassets; sourceTree = "<group>"; };
		2CD7F8B6285F390500E5C446 /* Info.plist */ = {isa = PBXFileReference; lastKnownFileType = text.plist.xml; path = Info.plist; sourceTree = "<group>"; };
		2CD7F8BB285F390500E5C446 /* SaveMoneyTests.xctest */ = {isa = PBXFileReference; explicitFileType = wrapper.cfbundle; includeInIndex = 0; path = SaveMoneyTests.xctest; sourceTree = BUILT_PRODUCTS_DIR; };
		2CD7F8C5285F390500E5C446 /* SaveMoneyUITests.xctest */ = {isa = PBXFileReference; explicitFileType = wrapper.cfbundle; includeInIndex = 0; path = SaveMoneyUITests.xctest; sourceTree = BUILT_PRODUCTS_DIR; };
		2CD7F8D8285F395100E5C446 /* AppTabbarController.swift */ = {isa = PBXFileReference; lastKnownFileType = sourcecode.swift; path = AppTabbarController.swift; sourceTree = "<group>"; };
		2CD7F8DB285F3D5100E5C446 /* CalendarViewController.swift */ = {isa = PBXFileReference; lastKnownFileType = sourcecode.swift; path = CalendarViewController.swift; sourceTree = "<group>"; };
		2CD7F8DD285F3DFD00E5C446 /* SettingViewController.swift */ = {isa = PBXFileReference; lastKnownFileType = sourcecode.swift; path = SettingViewController.swift; sourceTree = "<group>"; };
		2CD7F8E0285F574800E5C446 /* MainCell.swift */ = {isa = PBXFileReference; lastKnownFileType = sourcecode.swift; path = MainCell.swift; sourceTree = "<group>"; };
		2CD7F8E628607A8400E5C446 /* CalendarViewModel.swift */ = {isa = PBXFileReference; lastKnownFileType = sourcecode.swift; path = CalendarViewModel.swift; sourceTree = "<group>"; };
		2CD7F8EA2861F48300E5C446 /* InputViewController.swift */ = {isa = PBXFileReference; lastKnownFileType = sourcecode.swift; path = InputViewController.swift; sourceTree = "<group>"; };
		2CD7F8F42868685C00E5C446 /* SaveCell.swift */ = {isa = PBXFileReference; lastKnownFileType = sourcecode.swift; path = SaveCell.swift; sourceTree = "<group>"; };
		2CE563C228C4D25E00C2D80E /* CustomPickerView.swift */ = {isa = PBXFileReference; lastKnownFileType = sourcecode.swift; path = CustomPickerView.swift; sourceTree = "<group>"; };
		2CF9EA4B28CCCE5B00F0FA63 /* DetailView.swift */ = {isa = PBXFileReference; lastKnownFileType = sourcecode.swift; path = DetailView.swift; sourceTree = "<group>"; };
		2CF9EA4D28CCDF9F00F0FA63 /* DetailLabelView.swift */ = {isa = PBXFileReference; lastKnownFileType = sourcecode.swift; path = DetailLabelView.swift; sourceTree = "<group>"; };
		3347665C7F7CBE3B377280A4 /* Pods-SaveMoney-SaveMoneyUITests.release.xcconfig */ = {isa = PBXFileReference; includeInIndex = 1; lastKnownFileType = text.xcconfig; name = "Pods-SaveMoney-SaveMoneyUITests.release.xcconfig"; path = "Target Support Files/Pods-SaveMoney-SaveMoneyUITests/Pods-SaveMoney-SaveMoneyUITests.release.xcconfig"; sourceTree = "<group>"; };
		350F3F2E11BC18B0BA512F3E /* Pods_SaveMoneyTests.framework */ = {isa = PBXFileReference; explicitFileType = wrapper.framework; includeInIndex = 0; path = Pods_SaveMoneyTests.framework; sourceTree = BUILT_PRODUCTS_DIR; };
		44B5769053197B5999C16641 /* Pods-SaveMoneyTests.release.xcconfig */ = {isa = PBXFileReference; includeInIndex = 1; lastKnownFileType = text.xcconfig; name = "Pods-SaveMoneyTests.release.xcconfig"; path = "Target Support Files/Pods-SaveMoneyTests/Pods-SaveMoneyTests.release.xcconfig"; sourceTree = "<group>"; };
		6D93277789FAAAE86083A6C1 /* Pods-SaveMoney.release.xcconfig */ = {isa = PBXFileReference; includeInIndex = 1; lastKnownFileType = text.xcconfig; name = "Pods-SaveMoney.release.xcconfig"; path = "Target Support Files/Pods-SaveMoney/Pods-SaveMoney.release.xcconfig"; sourceTree = "<group>"; };
		A7B7DD6E04165AE6CBFF3C60 /* Pods-SaveMoneyTests.debug.xcconfig */ = {isa = PBXFileReference; includeInIndex = 1; lastKnownFileType = text.xcconfig; name = "Pods-SaveMoneyTests.debug.xcconfig"; path = "Target Support Files/Pods-SaveMoneyTests/Pods-SaveMoneyTests.debug.xcconfig"; sourceTree = "<group>"; };
		BF6C2E5AE8B3A5229826B305 /* Pods_SaveMoney.framework */ = {isa = PBXFileReference; explicitFileType = wrapper.framework; includeInIndex = 0; path = Pods_SaveMoney.framework; sourceTree = BUILT_PRODUCTS_DIR; };
/* End PBXFileReference section */

/* Begin PBXFrameworksBuildPhase section */
		2CD7F89F285F390300E5C446 /* Frameworks */ = {
			isa = PBXFrameworksBuildPhase;
			buildActionMask = 2147483647;
			files = (
				A96DF00AE88B3A40D7608808 /* Pods_SaveMoney.framework in Frameworks */,
			);
			runOnlyForDeploymentPostprocessing = 0;
		};
		2CD7F8B8285F390500E5C446 /* Frameworks */ = {
			isa = PBXFrameworksBuildPhase;
			buildActionMask = 2147483647;
			files = (
				11598499F5FDA10659ED9B66 /* Pods_SaveMoneyTests.framework in Frameworks */,
			);
			runOnlyForDeploymentPostprocessing = 0;
		};
		2CD7F8C2285F390500E5C446 /* Frameworks */ = {
			isa = PBXFrameworksBuildPhase;
			buildActionMask = 2147483647;
			files = (
				F390271C837C201A4EB2B0C8 /* Pods_SaveMoney_SaveMoneyUITests.framework in Frameworks */,
			);
			runOnlyForDeploymentPostprocessing = 0;
		};
/* End PBXFrameworksBuildPhase section */

/* Begin PBXGroup section */
		2C2A6D462891752B000F7150 /* Tab */ = {
			isa = PBXGroup;
			children = (
				2CD7F8D8285F395100E5C446 /* AppTabbarController.swift */,
				2C2A6D4828917544000F7150 /* CalenderTab */,
				2C2A6D472891753A000F7150 /* HomeTab */,
			);
			path = Tab;
			sourceTree = "<group>";
		};
		2C2A6D472891753A000F7150 /* HomeTab */ = {
			isa = PBXGroup;
			children = (
				2CD7F8A9285F390300E5C446 /* HomeViewController.swift */,
			);
			path = HomeTab;
			sourceTree = "<group>";
		};
		2C2A6D4828917544000F7150 /* CalenderTab */ = {
			isa = PBXGroup;
			children = (
				2C29AEB028D1CB2E006AB951 /* DetailViewController.swift */,
				2CD7F8DB285F3D5100E5C446 /* CalendarViewController.swift */,
				2CD7F8EA2861F48300E5C446 /* InputViewController.swift */,
				2C29AEAE28D1C8D8006AB951 /* UpdateViewController.swift */,
			);
			path = CalenderTab;
			sourceTree = "<group>";
		};
		2C2A6D4A28917DCE000F7150 /* Manager */ = {
			isa = PBXGroup;
			children = (
				2C2A6D4B28917DDC000F7150 /* SaveManager.swift */,
			);
			path = Manager;
			sourceTree = "<group>";
		};
		2C2A6D4D28917E3A000F7150 /* Utilities */ = {
			isa = PBXGroup;
			children = (
				2C2A6D4E28917E48000F7150 /* Save.swift */,
				2CBCF060289180310016A962 /* DayInfo.swift */,
				2CBCF062289183CE0016A962 /* Date.swift */,
				2CBCF068289278AB0016A962 /* CategoryImage.swift */,
				2CBCF06A2893A5D70016A962 /* Function.swift */,
				2C58F31E289AD1D40046676C /* Alert.swift */,
				2C63870528A6712000BF8B01 /* Warning.swift */,
				2C89547028AD3A8300AF5EB7 /* Home.swift */,
				2C89547C28B1432C00AF5EB7 /* License.swift */,
			);
			path = Utilities;
			sourceTree = "<group>";
		};
		2CBCF06E28956EC00016A962 /* Extensions */ = {
			isa = PBXGroup;
			children = (
				2CBCF06C28956EBA0016A962 /* UIView++Extenstions.swift */,
				2C58F320289AD4700046676C /* UIViewController++Extenstions.swift */,
				2CA1278D28A6AA3B0058A4F5 /* UIButton++Extensions.swift */,
			);
			path = Extensions;
			sourceTree = "<group>";
		};
		2CBCF07028956F5A0016A962 /* View */ = {
			isa = PBXGroup;
			children = (
				2CBCF07128956F680016A962 /* HomeHeaderView.swift */,
				2C5920412897F41C00D54523 /* HomeSubHeaderView.swift */,
				2C58F31A289ACFC70046676C /* AlertView.swift */,
				2C78921128A3FA000069326E /* InputView.swift */,
				2C6386FF28A6418300BF8B01 /* WarningView.swift */,
				2CA1278F28A7E92A0058A4F5 /* CustomBarChartView.swift */,
				2CE563C228C4D25E00C2D80E /* CustomPickerView.swift */,
				2CF9EA4B28CCCE5B00F0FA63 /* DetailView.swift */,
				2CF9EA4D28CCDF9F00F0FA63 /* DetailLabelView.swift */,
			);
			path = View;
			sourceTree = "<group>";
		};
		2CD7F899285F390300E5C446 = {
			isa = PBXGroup;
			children = (
				2CD7F8A4285F390300E5C446 /* SaveMoney */,
				2CD7F8A3285F390300E5C446 /* Products */,
				BCDF6CEEFC09F79A4158A019 /* Pods */,
				851BD2F790F4BA091822987E /* Frameworks */,
			);
			sourceTree = "<group>";
		};
		2CD7F8A3285F390300E5C446 /* Products */ = {
			isa = PBXGroup;
			children = (
				2CD7F8A2285F390300E5C446 /* SaveMoney.app */,
				2CD7F8BB285F390500E5C446 /* SaveMoneyTests.xctest */,
				2CD7F8C5285F390500E5C446 /* SaveMoneyUITests.xctest */,
			);
			name = Products;
			sourceTree = "<group>";
		};
		2CD7F8A4285F390300E5C446 /* SaveMoney */ = {
			isa = PBXGroup;
			children = (
				2CBCF07028956F5A0016A962 /* View */,
				2CBCF06E28956EC00016A962 /* Extensions */,
				2C2A6D4D28917E3A000F7150 /* Utilities */,
				2C2A6D4A28917DCE000F7150 /* Manager */,
				2C2A6D462891752B000F7150 /* Tab */,
				2CD7F8E528607A6100E5C446 /* ViewModel */,
				2CD7F8DF285F573900E5C446 /* Cell */,
				2CD7F8DA285F395600E5C446 /* ViewController */,
				2CD7F8A5285F390300E5C446 /* AppDelegate.swift */,
				2CD7F8A7285F390300E5C446 /* SceneDelegate.swift */,
				2CD7F8B1285F390500E5C446 /* Assets.xcassets */,
				2CD7F8B6285F390500E5C446 /* Info.plist */,
				2CD7F8AE285F390300E5C446 /* SaveMoney.xcdatamodeld */,
				2C6CD3C828A1078A001ADB26 /* LaunchScreen.storyboard */,
			);
			path = SaveMoney;
			sourceTree = "<group>";
		};
		2CD7F8DA285F395600E5C446 /* ViewController */ = {
			isa = PBXGroup;
			children = (
				2CD7F8DD285F3DFD00E5C446 /* SettingViewController.swift */,
				2C89547428AE99BB00AF5EB7 /* LicenseViewController.swift */,
				2C89547E28B1442600AF5EB7 /* LicenseInfoViewController.swift */,
				2C58F31C289AD0980046676C /* AlertViewController.swift */,
			);
			path = ViewController;
			sourceTree = "<group>";
		};
		2CD7F8DF285F573900E5C446 /* Cell */ = {
			isa = PBXGroup;
			children = (
				2CD7F8E0285F574800E5C446 /* MainCell.swift */,
				2CD7F8F42868685C00E5C446 /* SaveCell.swift */,
				2C192A4028A559CA00199B64 /* EmptyCell.swift */,
				2C63870128A65ECC00BF8B01 /* SettingCell.swift */,
				2C89546E28AD339100AF5EB7 /* HomeCell.swift */,
				2C89547228AD480300AF5EB7 /* MaxSaveCell.swift */,
				2C89547828B142C300AF5EB7 /* LicenseCell.swift */,
			);
			path = Cell;
			sourceTree = "<group>";
		};
		2CD7F8E528607A6100E5C446 /* ViewModel */ = {
			isa = PBXGroup;
			children = (
				2CD7F8E628607A8400E5C446 /* CalendarViewModel.swift */,
				2CBCF066289187F70016A962 /* InputViewModel.swift */,
				2C192A3E28A5046C00199B64 /* HomeViewModel.swift */,
				2C63870328A6613A00BF8B01 /* SettingViewModel.swift */,
				2C89547A28B142DD00AF5EB7 /* LicenseViewModel.swift */,
				2C29AEAC28D1BDC6006AB951 /* DetailViewModel.swift */,
			);
			path = ViewModel;
			sourceTree = "<group>";
		};
		851BD2F790F4BA091822987E /* Frameworks */ = {
			isa = PBXGroup;
			children = (
				BF6C2E5AE8B3A5229826B305 /* Pods_SaveMoney.framework */,
				1D9CD49891492A60C269A65C /* Pods_SaveMoney_SaveMoneyUITests.framework */,
				350F3F2E11BC18B0BA512F3E /* Pods_SaveMoneyTests.framework */,
			);
			name = Frameworks;
			sourceTree = "<group>";
		};
		BCDF6CEEFC09F79A4158A019 /* Pods */ = {
			isa = PBXGroup;
			children = (
				0A80DB58A694628F707800BE /* Pods-SaveMoney.debug.xcconfig */,
				6D93277789FAAAE86083A6C1 /* Pods-SaveMoney.release.xcconfig */,
				285BEE2B28E861E5C29F13CB /* Pods-SaveMoney-SaveMoneyUITests.debug.xcconfig */,
				3347665C7F7CBE3B377280A4 /* Pods-SaveMoney-SaveMoneyUITests.release.xcconfig */,
				A7B7DD6E04165AE6CBFF3C60 /* Pods-SaveMoneyTests.debug.xcconfig */,
				44B5769053197B5999C16641 /* Pods-SaveMoneyTests.release.xcconfig */,
			);
			path = Pods;
			sourceTree = "<group>";
		};
/* End PBXGroup section */

/* Begin PBXNativeTarget section */
		2CD7F8A1285F390300E5C446 /* SaveMoney */ = {
			isa = PBXNativeTarget;
			buildConfigurationList = 2CD7F8CF285F390500E5C446 /* Build configuration list for PBXNativeTarget "SaveMoney" */;
			buildPhases = (
				C18D8111F523610CEB2DDB22 /* [CP] Check Pods Manifest.lock */,
				2CD7F89E285F390300E5C446 /* Sources */,
				2CD7F89F285F390300E5C446 /* Frameworks */,
				2CD7F8A0285F390300E5C446 /* Resources */,
				8803FD833AC444513918A8A7 /* [CP] Embed Pods Frameworks */,
			);
			buildRules = (
			);
			dependencies = (
			);
			name = SaveMoney;
			productName = SaveMoney;
			productReference = 2CD7F8A2285F390300E5C446 /* SaveMoney.app */;
			productType = "com.apple.product-type.application";
		};
		2CD7F8BA285F390500E5C446 /* SaveMoneyTests */ = {
			isa = PBXNativeTarget;
			buildConfigurationList = 2CD7F8D2285F390500E5C446 /* Build configuration list for PBXNativeTarget "SaveMoneyTests" */;
			buildPhases = (
				2D93D5A8A3E17A5F30AEA697 /* [CP] Check Pods Manifest.lock */,
				2CD7F8B7285F390500E5C446 /* Sources */,
				2CD7F8B8285F390500E5C446 /* Frameworks */,
				2CD7F8B9285F390500E5C446 /* Resources */,
			);
			buildRules = (
			);
			dependencies = (
				2CD7F8BD285F390500E5C446 /* PBXTargetDependency */,
			);
			name = SaveMoneyTests;
			productName = SaveMoneyTests;
			productReference = 2CD7F8BB285F390500E5C446 /* SaveMoneyTests.xctest */;
			productType = "com.apple.product-type.bundle.unit-test";
		};
		2CD7F8C4285F390500E5C446 /* SaveMoneyUITests */ = {
			isa = PBXNativeTarget;
			buildConfigurationList = 2CD7F8D5285F390500E5C446 /* Build configuration list for PBXNativeTarget "SaveMoneyUITests" */;
			buildPhases = (
				484418B313AA0540FFD4CB25 /* [CP] Check Pods Manifest.lock */,
				2CD7F8C1285F390500E5C446 /* Sources */,
				2CD7F8C2285F390500E5C446 /* Frameworks */,
				2CD7F8C3285F390500E5C446 /* Resources */,
				2B5A59112860898BFD4444D4 /* [CP] Embed Pods Frameworks */,
			);
			buildRules = (
			);
			dependencies = (
				2CD7F8C7285F390500E5C446 /* PBXTargetDependency */,
			);
			name = SaveMoneyUITests;
			productName = SaveMoneyUITests;
			productReference = 2CD7F8C5285F390500E5C446 /* SaveMoneyUITests.xctest */;
			productType = "com.apple.product-type.bundle.ui-testing";
		};
/* End PBXNativeTarget section */

/* Begin PBXProject section */
		2CD7F89A285F390300E5C446 /* Project object */ = {
			isa = PBXProject;
			attributes = {
				BuildIndependentTargetsInParallel = 1;
				LastSwiftUpdateCheck = 1330;
				LastUpgradeCheck = 1330;
				TargetAttributes = {
					2CD7F8A1285F390300E5C446 = {
						CreatedOnToolsVersion = 13.3.1;
					};
					2CD7F8BA285F390500E5C446 = {
						CreatedOnToolsVersion = 13.3.1;
						TestTargetID = 2CD7F8A1285F390300E5C446;
					};
					2CD7F8C4285F390500E5C446 = {
						CreatedOnToolsVersion = 13.3.1;
						TestTargetID = 2CD7F8A1285F390300E5C446;
					};
				};
			};
			buildConfigurationList = 2CD7F89D285F390300E5C446 /* Build configuration list for PBXProject "SaveMoney" */;
			compatibilityVersion = "Xcode 13.0";
			developmentRegion = en;
			hasScannedForEncodings = 0;
			knownRegions = (
				en,
				Base,
			);
			mainGroup = 2CD7F899285F390300E5C446;
			productRefGroup = 2CD7F8A3285F390300E5C446 /* Products */;
			projectDirPath = "";
			projectRoot = "";
			targets = (
				2CD7F8A1285F390300E5C446 /* SaveMoney */,
				2CD7F8BA285F390500E5C446 /* SaveMoneyTests */,
				2CD7F8C4285F390500E5C446 /* SaveMoneyUITests */,
			);
		};
/* End PBXProject section */

/* Begin PBXResourcesBuildPhase section */
		2CD7F8A0285F390300E5C446 /* Resources */ = {
			isa = PBXResourcesBuildPhase;
			buildActionMask = 2147483647;
			files = (
				2CD7F8B2285F390500E5C446 /* Assets.xcassets in Resources */,
				2C6CD3C928A1078A001ADB26 /* LaunchScreen.storyboard in Resources */,
			);
			runOnlyForDeploymentPostprocessing = 0;
		};
		2CD7F8B9285F390500E5C446 /* Resources */ = {
			isa = PBXResourcesBuildPhase;
			buildActionMask = 2147483647;
			files = (
			);
			runOnlyForDeploymentPostprocessing = 0;
		};
		2CD7F8C3285F390500E5C446 /* Resources */ = {
			isa = PBXResourcesBuildPhase;
			buildActionMask = 2147483647;
			files = (
			);
			runOnlyForDeploymentPostprocessing = 0;
		};
/* End PBXResourcesBuildPhase section */

/* Begin PBXShellScriptBuildPhase section */
		2B5A59112860898BFD4444D4 /* [CP] Embed Pods Frameworks */ = {
			isa = PBXShellScriptBuildPhase;
			buildActionMask = 2147483647;
			files = (
			);
			inputFileListPaths = (
				"${PODS_ROOT}/Target Support Files/Pods-SaveMoney-SaveMoneyUITests/Pods-SaveMoney-SaveMoneyUITests-frameworks-${CONFIGURATION}-input-files.xcfilelist",
			);
			name = "[CP] Embed Pods Frameworks";
			outputFileListPaths = (
				"${PODS_ROOT}/Target Support Files/Pods-SaveMoney-SaveMoneyUITests/Pods-SaveMoney-SaveMoneyUITests-frameworks-${CONFIGURATION}-output-files.xcfilelist",
			);
			runOnlyForDeploymentPostprocessing = 0;
			shellPath = /bin/sh;
			shellScript = "\"${PODS_ROOT}/Target Support Files/Pods-SaveMoney-SaveMoneyUITests/Pods-SaveMoney-SaveMoneyUITests-frameworks.sh\"\n";
			showEnvVarsInLog = 0;
		};
		2D93D5A8A3E17A5F30AEA697 /* [CP] Check Pods Manifest.lock */ = {
			isa = PBXShellScriptBuildPhase;
			buildActionMask = 2147483647;
			files = (
			);
			inputFileListPaths = (
			);
			inputPaths = (
				"${PODS_PODFILE_DIR_PATH}/Podfile.lock",
				"${PODS_ROOT}/Manifest.lock",
			);
			name = "[CP] Check Pods Manifest.lock";
			outputFileListPaths = (
			);
			outputPaths = (
				"$(DERIVED_FILE_DIR)/Pods-SaveMoneyTests-checkManifestLockResult.txt",
			);
			runOnlyForDeploymentPostprocessing = 0;
			shellPath = /bin/sh;
			shellScript = "diff \"${PODS_PODFILE_DIR_PATH}/Podfile.lock\" \"${PODS_ROOT}/Manifest.lock\" > /dev/null\nif [ $? != 0 ] ; then\n    # print error to STDERR\n    echo \"error: The sandbox is not in sync with the Podfile.lock. Run 'pod install' or update your CocoaPods installation.\" >&2\n    exit 1\nfi\n# This output is used by Xcode 'outputs' to avoid re-running this script phase.\necho \"SUCCESS\" > \"${SCRIPT_OUTPUT_FILE_0}\"\n";
			showEnvVarsInLog = 0;
		};
		484418B313AA0540FFD4CB25 /* [CP] Check Pods Manifest.lock */ = {
			isa = PBXShellScriptBuildPhase;
			buildActionMask = 2147483647;
			files = (
			);
			inputFileListPaths = (
			);
			inputPaths = (
				"${PODS_PODFILE_DIR_PATH}/Podfile.lock",
				"${PODS_ROOT}/Manifest.lock",
			);
			name = "[CP] Check Pods Manifest.lock";
			outputFileListPaths = (
			);
			outputPaths = (
				"$(DERIVED_FILE_DIR)/Pods-SaveMoney-SaveMoneyUITests-checkManifestLockResult.txt",
			);
			runOnlyForDeploymentPostprocessing = 0;
			shellPath = /bin/sh;
			shellScript = "diff \"${PODS_PODFILE_DIR_PATH}/Podfile.lock\" \"${PODS_ROOT}/Manifest.lock\" > /dev/null\nif [ $? != 0 ] ; then\n    # print error to STDERR\n    echo \"error: The sandbox is not in sync with the Podfile.lock. Run 'pod install' or update your CocoaPods installation.\" >&2\n    exit 1\nfi\n# This output is used by Xcode 'outputs' to avoid re-running this script phase.\necho \"SUCCESS\" > \"${SCRIPT_OUTPUT_FILE_0}\"\n";
			showEnvVarsInLog = 0;
		};
		8803FD833AC444513918A8A7 /* [CP] Embed Pods Frameworks */ = {
			isa = PBXShellScriptBuildPhase;
			buildActionMask = 2147483647;
			files = (
			);
			inputFileListPaths = (
				"${PODS_ROOT}/Target Support Files/Pods-SaveMoney/Pods-SaveMoney-frameworks-${CONFIGURATION}-input-files.xcfilelist",
			);
			name = "[CP] Embed Pods Frameworks";
			outputFileListPaths = (
				"${PODS_ROOT}/Target Support Files/Pods-SaveMoney/Pods-SaveMoney-frameworks-${CONFIGURATION}-output-files.xcfilelist",
			);
			runOnlyForDeploymentPostprocessing = 0;
			shellPath = /bin/sh;
			shellScript = "\"${PODS_ROOT}/Target Support Files/Pods-SaveMoney/Pods-SaveMoney-frameworks.sh\"\n";
			showEnvVarsInLog = 0;
		};
		C18D8111F523610CEB2DDB22 /* [CP] Check Pods Manifest.lock */ = {
			isa = PBXShellScriptBuildPhase;
			buildActionMask = 2147483647;
			files = (
			);
			inputFileListPaths = (
			);
			inputPaths = (
				"${PODS_PODFILE_DIR_PATH}/Podfile.lock",
				"${PODS_ROOT}/Manifest.lock",
			);
			name = "[CP] Check Pods Manifest.lock";
			outputFileListPaths = (
			);
			outputPaths = (
				"$(DERIVED_FILE_DIR)/Pods-SaveMoney-checkManifestLockResult.txt",
			);
			runOnlyForDeploymentPostprocessing = 0;
			shellPath = /bin/sh;
			shellScript = "diff \"${PODS_PODFILE_DIR_PATH}/Podfile.lock\" \"${PODS_ROOT}/Manifest.lock\" > /dev/null\nif [ $? != 0 ] ; then\n    # print error to STDERR\n    echo \"error: The sandbox is not in sync with the Podfile.lock. Run 'pod install' or update your CocoaPods installation.\" >&2\n    exit 1\nfi\n# This output is used by Xcode 'outputs' to avoid re-running this script phase.\necho \"SUCCESS\" > \"${SCRIPT_OUTPUT_FILE_0}\"\n";
			showEnvVarsInLog = 0;
		};
/* End PBXShellScriptBuildPhase section */

/* Begin PBXSourcesBuildPhase section */
		2CD7F89E285F390300E5C446 /* Sources */ = {
			isa = PBXSourcesBuildPhase;
			buildActionMask = 2147483647;
			files = (
				2C89546F28AD339100AF5EB7 /* HomeCell.swift in Sources */,
				2CD7F8F52868685C00E5C446 /* SaveCell.swift in Sources */,
				2C78921228A3FA000069326E /* InputView.swift in Sources */,
				2C5920422897F41C00D54523 /* HomeSubHeaderView.swift in Sources */,
				2CD7F8EB2861F48300E5C446 /* InputViewController.swift in Sources */,
				2CBCF06D28956EBA0016A962 /* UIView++Extenstions.swift in Sources */,
				2CD7F8DE285F3DFD00E5C446 /* SettingViewController.swift in Sources */,
				2C29AEAF28D1C8D8006AB951 /* UpdateViewController.swift in Sources */,
				2C58F31B289ACFC70046676C /* AlertView.swift in Sources */,
				2CBCF063289183CE0016A962 /* Date.swift in Sources */,
				2C89547D28B1432C00AF5EB7 /* License.swift in Sources */,
				2CBCF07228956F680016A962 /* HomeHeaderView.swift in Sources */,
				2CBCF069289278AB0016A962 /* CategoryImage.swift in Sources */,
				2CBCF061289180310016A962 /* DayInfo.swift in Sources */,
				2CA1278E28A6AA3B0058A4F5 /* UIButton++Extensions.swift in Sources */,
				2C29AEAD28D1BDC6006AB951 /* DetailViewModel.swift in Sources */,
				2C89547928B142C300AF5EB7 /* LicenseCell.swift in Sources */,
				2CD7F8DC285F3D5100E5C446 /* CalendarViewController.swift in Sources */,
				2C2A6D4C28917DDC000F7150 /* SaveManager.swift in Sources */,
				2C63870228A65ECC00BF8B01 /* SettingCell.swift in Sources */,
				2C2A6D4F28917E48000F7150 /* Save.swift in Sources */,
				2C192A3F28A5046C00199B64 /* HomeViewModel.swift in Sources */,
				2CD7F8AA285F390300E5C446 /* HomeViewController.swift in Sources */,
				2CD7F8E728607A8400E5C446 /* CalendarViewModel.swift in Sources */,
				2CD7F8B0285F390300E5C446 /* SaveMoney.xcdatamodeld in Sources */,
				2C63870628A6712000BF8B01 /* Warning.swift in Sources */,
				2CA1279028A7E92A0058A4F5 /* CustomBarChartView.swift in Sources */,
				2C89547328AD480300AF5EB7 /* MaxSaveCell.swift in Sources */,
				2C58F31F289AD1D40046676C /* Alert.swift in Sources */,
				2CF9EA4C28CCCE5C00F0FA63 /* DetailView.swift in Sources */,
				2CD7F8D9285F395100E5C446 /* AppTabbarController.swift in Sources */,
				2C58F321289AD4710046676C /* UIViewController++Extenstions.swift in Sources */,
				2C89547128AD3A8300AF5EB7 /* Home.swift in Sources */,
				2CF9EA4E28CCDF9F00F0FA63 /* DetailLabelView.swift in Sources */,
				2C89547F28B1442600AF5EB7 /* LicenseInfoViewController.swift in Sources */,
				2CD7F8A6285F390300E5C446 /* AppDelegate.swift in Sources */,
				2CBCF067289187F70016A962 /* InputViewModel.swift in Sources */,
				2C63870428A6613A00BF8B01 /* SettingViewModel.swift in Sources */,
				2CE563C328C4D25E00C2D80E /* CustomPickerView.swift in Sources */,
				2C29AEB128D1CB2E006AB951 /* DetailViewController.swift in Sources */,
				2CD7F8E1285F574800E5C446 /* MainCell.swift in Sources */,
				2CD7F8A8285F390300E5C446 /* SceneDelegate.swift in Sources */,
				2C89547528AE99BB00AF5EB7 /* LicenseViewController.swift in Sources */,
				2C58F31D289AD0980046676C /* AlertViewController.swift in Sources */,
				2C89547B28B142DD00AF5EB7 /* LicenseViewModel.swift in Sources */,
				2C63870028A6418300BF8B01 /* WarningView.swift in Sources */,
				2CBCF06B2893A5D70016A962 /* Function.swift in Sources */,
				2C192A4128A559CA00199B64 /* EmptyCell.swift in Sources */,
			);
			runOnlyForDeploymentPostprocessing = 0;
		};
		2CD7F8B7285F390500E5C446 /* Sources */ = {
			isa = PBXSourcesBuildPhase;
			buildActionMask = 2147483647;
			files = (
			);
			runOnlyForDeploymentPostprocessing = 0;
		};
		2CD7F8C1285F390500E5C446 /* Sources */ = {
			isa = PBXSourcesBuildPhase;
			buildActionMask = 2147483647;
			files = (
			);
			runOnlyForDeploymentPostprocessing = 0;
		};
/* End PBXSourcesBuildPhase section */

/* Begin PBXTargetDependency section */
		2CD7F8BD285F390500E5C446 /* PBXTargetDependency */ = {
			isa = PBXTargetDependency;
			target = 2CD7F8A1285F390300E5C446 /* SaveMoney */;
			targetProxy = 2CD7F8BC285F390500E5C446 /* PBXContainerItemProxy */;
		};
		2CD7F8C7285F390500E5C446 /* PBXTargetDependency */ = {
			isa = PBXTargetDependency;
			target = 2CD7F8A1285F390300E5C446 /* SaveMoney */;
			targetProxy = 2CD7F8C6285F390500E5C446 /* PBXContainerItemProxy */;
		};
/* End PBXTargetDependency section */

/* Begin XCBuildConfiguration section */
		2CD7F8CD285F390500E5C446 /* Debug */ = {
			isa = XCBuildConfiguration;
			buildSettings = {
				ALWAYS_SEARCH_USER_PATHS = NO;
				CLANG_ANALYZER_NONNULL = YES;
				CLANG_ANALYZER_NUMBER_OBJECT_CONVERSION = YES_AGGRESSIVE;
				CLANG_CXX_LANGUAGE_STANDARD = "gnu++17";
				CLANG_ENABLE_MODULES = YES;
				CLANG_ENABLE_OBJC_ARC = YES;
				CLANG_ENABLE_OBJC_WEAK = YES;
				CLANG_WARN_BLOCK_CAPTURE_AUTORELEASING = YES;
				CLANG_WARN_BOOL_CONVERSION = YES;
				CLANG_WARN_COMMA = YES;
				CLANG_WARN_CONSTANT_CONVERSION = YES;
				CLANG_WARN_DEPRECATED_OBJC_IMPLEMENTATIONS = YES;
				CLANG_WARN_DIRECT_OBJC_ISA_USAGE = YES_ERROR;
				CLANG_WARN_DOCUMENTATION_COMMENTS = YES;
				CLANG_WARN_EMPTY_BODY = YES;
				CLANG_WARN_ENUM_CONVERSION = YES;
				CLANG_WARN_INFINITE_RECURSION = YES;
				CLANG_WARN_INT_CONVERSION = YES;
				CLANG_WARN_NON_LITERAL_NULL_CONVERSION = YES;
				CLANG_WARN_OBJC_IMPLICIT_RETAIN_SELF = YES;
				CLANG_WARN_OBJC_LITERAL_CONVERSION = YES;
				CLANG_WARN_OBJC_ROOT_CLASS = YES_ERROR;
				CLANG_WARN_QUOTED_INCLUDE_IN_FRAMEWORK_HEADER = YES;
				CLANG_WARN_RANGE_LOOP_ANALYSIS = YES;
				CLANG_WARN_STRICT_PROTOTYPES = YES;
				CLANG_WARN_SUSPICIOUS_MOVE = YES;
				CLANG_WARN_UNGUARDED_AVAILABILITY = YES_AGGRESSIVE;
				CLANG_WARN_UNREACHABLE_CODE = YES;
				CLANG_WARN__DUPLICATE_METHOD_MATCH = YES;
				COPY_PHASE_STRIP = NO;
				DEBUG_INFORMATION_FORMAT = dwarf;
				ENABLE_STRICT_OBJC_MSGSEND = YES;
				ENABLE_TESTABILITY = YES;
				GCC_C_LANGUAGE_STANDARD = gnu11;
				GCC_DYNAMIC_NO_PIC = NO;
				GCC_NO_COMMON_BLOCKS = YES;
				GCC_OPTIMIZATION_LEVEL = 0;
				GCC_PREPROCESSOR_DEFINITIONS = (
					"DEBUG=1",
					"$(inherited)",
				);
				GCC_WARN_64_TO_32_BIT_CONVERSION = YES;
				GCC_WARN_ABOUT_RETURN_TYPE = YES_ERROR;
				GCC_WARN_UNDECLARED_SELECTOR = YES;
				GCC_WARN_UNINITIALIZED_AUTOS = YES_AGGRESSIVE;
				GCC_WARN_UNUSED_FUNCTION = YES;
				GCC_WARN_UNUSED_VARIABLE = YES;
				IPHONEOS_DEPLOYMENT_TARGET = 15.4;
				MTL_ENABLE_DEBUG_INFO = INCLUDE_SOURCE;
				MTL_FAST_MATH = YES;
				ONLY_ACTIVE_ARCH = YES;
				SDKROOT = iphoneos;
				SWIFT_ACTIVE_COMPILATION_CONDITIONS = DEBUG;
				SWIFT_OPTIMIZATION_LEVEL = "-Onone";
			};
			name = Debug;
		};
		2CD7F8CE285F390500E5C446 /* Release */ = {
			isa = XCBuildConfiguration;
			buildSettings = {
				ALWAYS_SEARCH_USER_PATHS = NO;
				CLANG_ANALYZER_NONNULL = YES;
				CLANG_ANALYZER_NUMBER_OBJECT_CONVERSION = YES_AGGRESSIVE;
				CLANG_CXX_LANGUAGE_STANDARD = "gnu++17";
				CLANG_ENABLE_MODULES = YES;
				CLANG_ENABLE_OBJC_ARC = YES;
				CLANG_ENABLE_OBJC_WEAK = YES;
				CLANG_WARN_BLOCK_CAPTURE_AUTORELEASING = YES;
				CLANG_WARN_BOOL_CONVERSION = YES;
				CLANG_WARN_COMMA = YES;
				CLANG_WARN_CONSTANT_CONVERSION = YES;
				CLANG_WARN_DEPRECATED_OBJC_IMPLEMENTATIONS = YES;
				CLANG_WARN_DIRECT_OBJC_ISA_USAGE = YES_ERROR;
				CLANG_WARN_DOCUMENTATION_COMMENTS = YES;
				CLANG_WARN_EMPTY_BODY = YES;
				CLANG_WARN_ENUM_CONVERSION = YES;
				CLANG_WARN_INFINITE_RECURSION = YES;
				CLANG_WARN_INT_CONVERSION = YES;
				CLANG_WARN_NON_LITERAL_NULL_CONVERSION = YES;
				CLANG_WARN_OBJC_IMPLICIT_RETAIN_SELF = YES;
				CLANG_WARN_OBJC_LITERAL_CONVERSION = YES;
				CLANG_WARN_OBJC_ROOT_CLASS = YES_ERROR;
				CLANG_WARN_QUOTED_INCLUDE_IN_FRAMEWORK_HEADER = YES;
				CLANG_WARN_RANGE_LOOP_ANALYSIS = YES;
				CLANG_WARN_STRICT_PROTOTYPES = YES;
				CLANG_WARN_SUSPICIOUS_MOVE = YES;
				CLANG_WARN_UNGUARDED_AVAILABILITY = YES_AGGRESSIVE;
				CLANG_WARN_UNREACHABLE_CODE = YES;
				CLANG_WARN__DUPLICATE_METHOD_MATCH = YES;
				COPY_PHASE_STRIP = NO;
				DEBUG_INFORMATION_FORMAT = "dwarf-with-dsym";
				ENABLE_NS_ASSERTIONS = NO;
				ENABLE_STRICT_OBJC_MSGSEND = YES;
				GCC_C_LANGUAGE_STANDARD = gnu11;
				GCC_NO_COMMON_BLOCKS = YES;
				GCC_WARN_64_TO_32_BIT_CONVERSION = YES;
				GCC_WARN_ABOUT_RETURN_TYPE = YES_ERROR;
				GCC_WARN_UNDECLARED_SELECTOR = YES;
				GCC_WARN_UNINITIALIZED_AUTOS = YES_AGGRESSIVE;
				GCC_WARN_UNUSED_FUNCTION = YES;
				GCC_WARN_UNUSED_VARIABLE = YES;
				IPHONEOS_DEPLOYMENT_TARGET = 15.4;
				MTL_ENABLE_DEBUG_INFO = NO;
				MTL_FAST_MATH = YES;
				SDKROOT = iphoneos;
				SWIFT_COMPILATION_MODE = wholemodule;
				SWIFT_OPTIMIZATION_LEVEL = "-O";
				VALIDATE_PRODUCT = YES;
			};
			name = Release;
		};
		2CD7F8D0285F390500E5C446 /* Debug */ = {
			isa = XCBuildConfiguration;
			baseConfigurationReference = 0A80DB58A694628F707800BE /* Pods-SaveMoney.debug.xcconfig */;
			buildSettings = {
				ASSETCATALOG_COMPILER_APPICON_NAME = AppIcon;
				ASSETCATALOG_COMPILER_GLOBAL_ACCENT_COLOR_NAME = AccentColor;
				CODE_SIGN_STYLE = Automatic;
				CURRENT_PROJECT_VERSION = 1;
				DEVELOPMENT_TEAM = 899UYL8QU3;
				GENERATE_INFOPLIST_FILE = YES;
				INFOPLIST_FILE = SaveMoney/Info.plist;
				INFOPLIST_KEY_UIApplicationSupportsIndirectInputEvents = YES;
				INFOPLIST_KEY_UILaunchStoryboardName = LaunchScreen;
				INFOPLIST_KEY_UISupportedInterfaceOrientations = "";
				INFOPLIST_KEY_UISupportedInterfaceOrientations_iPad = "UIInterfaceOrientationPortrait UIInterfaceOrientationPortraitUpsideDown UIInterfaceOrientationLandscapeLeft UIInterfaceOrientationLandscapeRight";
				INFOPLIST_KEY_UISupportedInterfaceOrientations_iPhone = "UIInterfaceOrientationPortrait UIInterfaceOrientationLandscapeLeft UIInterfaceOrientationLandscapeRight";
				LD_RUNPATH_SEARCH_PATHS = (
					"$(inherited)",
					"@executable_path/Frameworks",
				);
				MARKETING_VERSION = 1.0;
				PRODUCT_BUNDLE_IDENTIFIER = com.hyungyu.SaveMoney;
				PRODUCT_NAME = "$(TARGET_NAME)";
				SWIFT_EMIT_LOC_STRINGS = YES;
				SWIFT_VERSION = 5.0;
				TARGETED_DEVICE_FAMILY = "1,2";
			};
			name = Debug;
		};
		2CD7F8D1285F390500E5C446 /* Release */ = {
			isa = XCBuildConfiguration;
			baseConfigurationReference = 6D93277789FAAAE86083A6C1 /* Pods-SaveMoney.release.xcconfig */;
			buildSettings = {
				ASSETCATALOG_COMPILER_APPICON_NAME = AppIcon;
				ASSETCATALOG_COMPILER_GLOBAL_ACCENT_COLOR_NAME = AccentColor;
				CODE_SIGN_STYLE = Automatic;
				CURRENT_PROJECT_VERSION = 1;
				DEVELOPMENT_TEAM = 899UYL8QU3;
				GENERATE_INFOPLIST_FILE = YES;
				INFOPLIST_FILE = SaveMoney/Info.plist;
				INFOPLIST_KEY_UIApplicationSupportsIndirectInputEvents = YES;
				INFOPLIST_KEY_UILaunchStoryboardName = LaunchScreen;
				INFOPLIST_KEY_UISupportedInterfaceOrientations = "";
				INFOPLIST_KEY_UISupportedInterfaceOrientations_iPad = "UIInterfaceOrientationPortrait UIInterfaceOrientationPortraitUpsideDown UIInterfaceOrientationLandscapeLeft UIInterfaceOrientationLandscapeRight";
				INFOPLIST_KEY_UISupportedInterfaceOrientations_iPhone = "UIInterfaceOrientationPortrait UIInterfaceOrientationLandscapeLeft UIInterfaceOrientationLandscapeRight";
				LD_RUNPATH_SEARCH_PATHS = (
					"$(inherited)",
					"@executable_path/Frameworks",
				);
				MARKETING_VERSION = 1.0;
				PRODUCT_BUNDLE_IDENTIFIER = com.hyungyu.SaveMoney;
				PRODUCT_NAME = "$(TARGET_NAME)";
				SWIFT_EMIT_LOC_STRINGS = YES;
				SWIFT_VERSION = 5.0;
				TARGETED_DEVICE_FAMILY = "1,2";
			};
			name = Release;
		};
		2CD7F8D3285F390500E5C446 /* Debug */ = {
			isa = XCBuildConfiguration;
			baseConfigurationReference = A7B7DD6E04165AE6CBFF3C60 /* Pods-SaveMoneyTests.debug.xcconfig */;
			buildSettings = {
				ALWAYS_EMBED_SWIFT_STANDARD_LIBRARIES = YES;
				BUNDLE_LOADER = "$(TEST_HOST)";
				CODE_SIGN_STYLE = Automatic;
				CURRENT_PROJECT_VERSION = 1;
				DEVELOPMENT_TEAM = 899UYL8QU3;
				GENERATE_INFOPLIST_FILE = YES;
				IPHONEOS_DEPLOYMENT_TARGET = 15.4;
				MARKETING_VERSION = 1.0;
				PRODUCT_BUNDLE_IDENTIFIER = com.hyungyu.SaveMoneyTests;
				PRODUCT_NAME = "$(TARGET_NAME)";
				SWIFT_EMIT_LOC_STRINGS = NO;
				SWIFT_VERSION = 5.0;
				TARGETED_DEVICE_FAMILY = "1,2";
				TEST_HOST = "$(BUILT_PRODUCTS_DIR)/SaveMoney.app/SaveMoney";
			};
			name = Debug;
		};
		2CD7F8D4285F390500E5C446 /* Release */ = {
			isa = XCBuildConfiguration;
			baseConfigurationReference = 44B5769053197B5999C16641 /* Pods-SaveMoneyTests.release.xcconfig */;
			buildSettings = {
				ALWAYS_EMBED_SWIFT_STANDARD_LIBRARIES = YES;
				BUNDLE_LOADER = "$(TEST_HOST)";
				CODE_SIGN_STYLE = Automatic;
				CURRENT_PROJECT_VERSION = 1;
				DEVELOPMENT_TEAM = 899UYL8QU3;
				GENERATE_INFOPLIST_FILE = YES;
				IPHONEOS_DEPLOYMENT_TARGET = 15.4;
				MARKETING_VERSION = 1.0;
				PRODUCT_BUNDLE_IDENTIFIER = com.hyungyu.SaveMoneyTests;
				PRODUCT_NAME = "$(TARGET_NAME)";
				SWIFT_EMIT_LOC_STRINGS = NO;
				SWIFT_VERSION = 5.0;
				TARGETED_DEVICE_FAMILY = "1,2";
				TEST_HOST = "$(BUILT_PRODUCTS_DIR)/SaveMoney.app/SaveMoney";
			};
			name = Release;
		};
		2CD7F8D6285F390500E5C446 /* Debug */ = {
			isa = XCBuildConfiguration;
			baseConfigurationReference = 285BEE2B28E861E5C29F13CB /* Pods-SaveMoney-SaveMoneyUITests.debug.xcconfig */;
			buildSettings = {
				ALWAYS_EMBED_SWIFT_STANDARD_LIBRARIES = YES;
				CODE_SIGN_STYLE = Automatic;
				CURRENT_PROJECT_VERSION = 1;
				DEVELOPMENT_TEAM = 899UYL8QU3;
				GENERATE_INFOPLIST_FILE = YES;
				MARKETING_VERSION = 1.0;
				PRODUCT_BUNDLE_IDENTIFIER = com.hyungyu.SaveMoneyUITests;
				PRODUCT_NAME = "$(TARGET_NAME)";
				SWIFT_EMIT_LOC_STRINGS = NO;
				SWIFT_VERSION = 5.0;
				TARGETED_DEVICE_FAMILY = "1,2";
				TEST_TARGET_NAME = SaveMoney;
			};
			name = Debug;
		};
		2CD7F8D7285F390500E5C446 /* Release */ = {
			isa = XCBuildConfiguration;
			baseConfigurationReference = 3347665C7F7CBE3B377280A4 /* Pods-SaveMoney-SaveMoneyUITests.release.xcconfig */;
			buildSettings = {
				ALWAYS_EMBED_SWIFT_STANDARD_LIBRARIES = YES;
				CODE_SIGN_STYLE = Automatic;
				CURRENT_PROJECT_VERSION = 1;
				DEVELOPMENT_TEAM = 899UYL8QU3;
				GENERATE_INFOPLIST_FILE = YES;
				MARKETING_VERSION = 1.0;
				PRODUCT_BUNDLE_IDENTIFIER = com.hyungyu.SaveMoneyUITests;
				PRODUCT_NAME = "$(TARGET_NAME)";
				SWIFT_EMIT_LOC_STRINGS = NO;
				SWIFT_VERSION = 5.0;
				TARGETED_DEVICE_FAMILY = "1,2";
				TEST_TARGET_NAME = SaveMoney;
			};
			name = Release;
		};
/* End XCBuildConfiguration section */

/* Begin XCConfigurationList section */
		2CD7F89D285F390300E5C446 /* Build configuration list for PBXProject "SaveMoney" */ = {
			isa = XCConfigurationList;
			buildConfigurations = (
				2CD7F8CD285F390500E5C446 /* Debug */,
				2CD7F8CE285F390500E5C446 /* Release */,
			);
			defaultConfigurationIsVisible = 0;
			defaultConfigurationName = Release;
		};
		2CD7F8CF285F390500E5C446 /* Build configuration list for PBXNativeTarget "SaveMoney" */ = {
			isa = XCConfigurationList;
			buildConfigurations = (
				2CD7F8D0285F390500E5C446 /* Debug */,
				2CD7F8D1285F390500E5C446 /* Release */,
			);
			defaultConfigurationIsVisible = 0;
			defaultConfigurationName = Release;
		};
		2CD7F8D2285F390500E5C446 /* Build configuration list for PBXNativeTarget "SaveMoneyTests" */ = {
			isa = XCConfigurationList;
			buildConfigurations = (
				2CD7F8D3285F390500E5C446 /* Debug */,
				2CD7F8D4285F390500E5C446 /* Release */,
			);
			defaultConfigurationIsVisible = 0;
			defaultConfigurationName = Release;
		};
		2CD7F8D5285F390500E5C446 /* Build configuration list for PBXNativeTarget "SaveMoneyUITests" */ = {
			isa = XCConfigurationList;
			buildConfigurations = (
				2CD7F8D6285F390500E5C446 /* Debug */,
				2CD7F8D7285F390500E5C446 /* Release */,
			);
			defaultConfigurationIsVisible = 0;
			defaultConfigurationName = Release;
		};
/* End XCConfigurationList section */

/* Begin XCVersionGroup section */
		2CD7F8AE285F390300E5C446 /* SaveMoney.xcdatamodeld */ = {
			isa = XCVersionGroup;
			children = (
				2CD7F8AF285F390300E5C446 /* SaveMoney.xcdatamodel */,
			);
			currentVersion = 2CD7F8AF285F390300E5C446 /* SaveMoney.xcdatamodel */;
			path = SaveMoney.xcdatamodeld;
			sourceTree = "<group>";
			versionGroupType = wrapper.xcdatamodel;
		};
/* End XCVersionGroup section */
	};
	rootObject = 2CD7F89A285F390300E5C446 /* Project object */;
}
